// !$*UTF8*$!
{
	archiveVersion = 1;
	classes = {
	};
	objectVersion = 52;
	objects = {

/* Begin PBXBuildFile section */
		2B62607D25A690FC00CE9DF6 /* AppDelegate.swift in Sources */ = {isa = PBXBuildFile; fileRef = 2B62607C25A690FC00CE9DF6 /* AppDelegate.swift */; };
		2B62607F25A690FC00CE9DF6 /* SceneDelegate.swift in Sources */ = {isa = PBXBuildFile; fileRef = 2B62607E25A690FC00CE9DF6 /* SceneDelegate.swift */; };
		2B62608125A690FC00CE9DF6 /* ViewController.swift in Sources */ = {isa = PBXBuildFile; fileRef = 2B62608025A690FC00CE9DF6 /* ViewController.swift */; };
		2B62608425A690FC00CE9DF6 /* Main.storyboard in Resources */ = {isa = PBXBuildFile; fileRef = 2B62608225A690FC00CE9DF6 /* Main.storyboard */; };
		2B62608725A690FC00CE9DF6 /* AniMix.xcdatamodeld in Sources */ = {isa = PBXBuildFile; fileRef = 2B62608525A690FC00CE9DF6 /* AniMix.xcdatamodeld */; };
		2B62608925A690FF00CE9DF6 /* Assets.xcassets in Resources */ = {isa = PBXBuildFile; fileRef = 2B62608825A690FF00CE9DF6 /* Assets.xcassets */; };
		2B62608C25A690FF00CE9DF6 /* LaunchScreen.storyboard in Resources */ = {isa = PBXBuildFile; fileRef = 2B62608A25A690FF00CE9DF6 /* LaunchScreen.storyboard */; };
		2B62609625A7B04300CE9DF6 /* ApolloWebSocket in Frameworks */ = {isa = PBXBuildFile; productRef = 2B62609525A7B04300CE9DF6 /* ApolloWebSocket */; };
		2B62609825A7B04300CE9DF6 /* Apollo in Frameworks */ = {isa = PBXBuildFile; productRef = 2B62609725A7B04300CE9DF6 /* Apollo */; };
		2B6260A525A7BFEC00CE9DF6 /* API.swift in Sources */ = {isa = PBXBuildFile; fileRef = 2B6260A425A7BFEC00CE9DF6 /* API.swift */; };
		2B6260A825A7C28700CE9DF6 /* Network.swift in Sources */ = {isa = PBXBuildFile; fileRef = 2B6260A725A7C28700CE9DF6 /* Network.swift */; };
/* End PBXBuildFile section */

/* Begin PBXFileReference section */
		2B62607925A690FC00CE9DF6 /* AniMix.app */ = {isa = PBXFileReference; explicitFileType = wrapper.application; includeInIndex = 0; path = AniMix.app; sourceTree = BUILT_PRODUCTS_DIR; };
		2B62607C25A690FC00CE9DF6 /* AppDelegate.swift */ = {isa = PBXFileReference; lastKnownFileType = sourcecode.swift; path = AppDelegate.swift; sourceTree = "<group>"; };
		2B62607E25A690FC00CE9DF6 /* SceneDelegate.swift */ = {isa = PBXFileReference; lastKnownFileType = sourcecode.swift; path = SceneDelegate.swift; sourceTree = "<group>"; };
		2B62608025A690FC00CE9DF6 /* ViewController.swift */ = {isa = PBXFileReference; lastKnownFileType = sourcecode.swift; path = ViewController.swift; sourceTree = "<group>"; };
		2B62608325A690FC00CE9DF6 /* Base */ = {isa = PBXFileReference; lastKnownFileType = file.storyboard; name = Base; path = Base.lproj/Main.storyboard; sourceTree = "<group>"; };
		2B62608625A690FC00CE9DF6 /* AniMix.xcdatamodel */ = {isa = PBXFileReference; lastKnownFileType = wrapper.xcdatamodel; path = AniMix.xcdatamodel; sourceTree = "<group>"; };
		2B62608825A690FF00CE9DF6 /* Assets.xcassets */ = {isa = PBXFileReference; lastKnownFileType = folder.assetcatalog; path = Assets.xcassets; sourceTree = "<group>"; };
		2B62608B25A690FF00CE9DF6 /* Base */ = {isa = PBXFileReference; lastKnownFileType = file.storyboard; name = Base; path = Base.lproj/LaunchScreen.storyboard; sourceTree = "<group>"; };
		2B62608D25A690FF00CE9DF6 /* Info.plist */ = {isa = PBXFileReference; lastKnownFileType = text.plist.xml; path = Info.plist; sourceTree = "<group>"; };
		2B6260A125A7B78400CE9DF6 /* schema.json */ = {isa = PBXFileReference; lastKnownFileType = text.json; path = schema.json; sourceTree = "<group>"; };
		2B6260A225A7BEEF00CE9DF6 /* AnimeList.graphql */ = {isa = PBXFileReference; lastKnownFileType = text; path = AnimeList.graphql; sourceTree = "<group>"; };
		2B6260A425A7BFEC00CE9DF6 /* API.swift */ = {isa = PBXFileReference; fileEncoding = 4; lastKnownFileType = sourcecode.swift; path = API.swift; sourceTree = "<group>"; };
		2B6260A725A7C28700CE9DF6 /* Network.swift */ = {isa = PBXFileReference; lastKnownFileType = sourcecode.swift; path = Network.swift; sourceTree = "<group>"; };
/* End PBXFileReference section */

/* Begin PBXFrameworksBuildPhase section */
		2B62607625A690FB00CE9DF6 /* Frameworks */ = {
			isa = PBXFrameworksBuildPhase;
			buildActionMask = 2147483647;
			files = (
				2B62609625A7B04300CE9DF6 /* ApolloWebSocket in Frameworks */,
				2B62609825A7B04300CE9DF6 /* Apollo in Frameworks */,
			);
			runOnlyForDeploymentPostprocessing = 0;
		};
/* End PBXFrameworksBuildPhase section */

/* Begin PBXGroup section */
		2B62607025A690FB00CE9DF6 = {
			isa = PBXGroup;
			children = (
				2B62607B25A690FC00CE9DF6 /* AniMix */,
				2B62607A25A690FC00CE9DF6 /* Products */,
			);
			sourceTree = "<group>";
		};
		2B62607A25A690FC00CE9DF6 /* Products */ = {
			isa = PBXGroup;
			children = (
				2B62607925A690FC00CE9DF6 /* AniMix.app */,
			);
			name = Products;
			sourceTree = "<group>";
		};
		2B62607B25A690FC00CE9DF6 /* AniMix */ = {
			isa = PBXGroup;
			children = (
				2B62607C25A690FC00CE9DF6 /* AppDelegate.swift */,
				2B6260A225A7BEEF00CE9DF6 /* AnimeList.graphql */,
				2B62607E25A690FC00CE9DF6 /* SceneDelegate.swift */,
				2B62608025A690FC00CE9DF6 /* ViewController.swift */,
				2B62608225A690FC00CE9DF6 /* Main.storyboard */,
				2B62608825A690FF00CE9DF6 /* Assets.xcassets */,
				2B62608A25A690FF00CE9DF6 /* LaunchScreen.storyboard */,
				2B62608D25A690FF00CE9DF6 /* Info.plist */,
				2B6260A425A7BFEC00CE9DF6 /* API.swift */,
				2B6260A725A7C28700CE9DF6 /* Network.swift */,
				2B6260A125A7B78400CE9DF6 /* schema.json */,
				2B62608525A690FC00CE9DF6 /* AniMix.xcdatamodeld */,
			);
			path = AniMix;
			sourceTree = "<group>";
		};
/* End PBXGroup section */

/* Begin PBXNativeTarget section */
		2B62607825A690FB00CE9DF6 /* AniMix */ = {
			isa = PBXNativeTarget;
			buildConfigurationList = 2B62609025A690FF00CE9DF6 /* Build configuration list for PBXNativeTarget "AniMix" */;
			buildPhases = (
				2B62609A25A7B2B100CE9DF6 /* Apollo CLI */,
				2B62607525A690FB00CE9DF6 /* Sources */,
				2B62607625A690FB00CE9DF6 /* Frameworks */,
				2B62607725A690FB00CE9DF6 /* Resources */,
			);
			buildRules = (
			);
			dependencies = (
			);
			name = AniMix;
			packageProductDependencies = (
				2B62609525A7B04300CE9DF6 /* ApolloWebSocket */,
				2B62609725A7B04300CE9DF6 /* Apollo */,
			);
			productName = AniMix;
			productReference = 2B62607925A690FC00CE9DF6 /* AniMix.app */;
			productType = "com.apple.product-type.application";
		};
/* End PBXNativeTarget section */

/* Begin PBXProject section */
		2B62607125A690FB00CE9DF6 /* Project object */ = {
			isa = PBXProject;
			attributes = {
				LastSwiftUpdateCheck = 1230;
				LastUpgradeCheck = 1230;
				TargetAttributes = {
					2B62607825A690FB00CE9DF6 = {
						CreatedOnToolsVersion = 12.3;
					};
				};
			};
			buildConfigurationList = 2B62607425A690FB00CE9DF6 /* Build configuration list for PBXProject "AniMix" */;
			compatibilityVersion = "Xcode 9.3";
			developmentRegion = en;
			hasScannedForEncodings = 0;
			knownRegions = (
				en,
				Base,
			);
			mainGroup = 2B62607025A690FB00CE9DF6;
			packageReferences = (
				2B62609425A7B04300CE9DF6 /* XCRemoteSwiftPackageReference "apollo-ios" */,
			);
			productRefGroup = 2B62607A25A690FC00CE9DF6 /* Products */;
			projectDirPath = "";
			projectRoot = "";
			targets = (
				2B62607825A690FB00CE9DF6 /* AniMix */,
			);
		};
/* End PBXProject section */

/* Begin PBXResourcesBuildPhase section */
		2B62607725A690FB00CE9DF6 /* Resources */ = {
			isa = PBXResourcesBuildPhase;
			buildActionMask = 2147483647;
			files = (
				2B62608C25A690FF00CE9DF6 /* LaunchScreen.storyboard in Resources */,
				2B62608925A690FF00CE9DF6 /* Assets.xcassets in Resources */,
				2B62608425A690FC00CE9DF6 /* Main.storyboard in Resources */,
			);
			runOnlyForDeploymentPostprocessing = 0;
		};
/* End PBXResourcesBuildPhase section */

/* Begin PBXShellScriptBuildPhase section */
		2B62609A25A7B2B100CE9DF6 /* Apollo CLI */ = {
			isa = PBXShellScriptBuildPhase;
			buildActionMask = 2147483647;
			files = (
			);
			inputFileListPaths = (
			);
			inputPaths = (
			);
			name = "Apollo CLI";
			outputFileListPaths = (
			);
			outputPaths = (
			);
			runOnlyForDeploymentPostprocessing = 0;
			shellPath = /bin/sh;
			shellScript = "# Go to the build root and search up the chain to find the Derived Data Path where the source packages are checked out.\nDERIVED_DATA_CANDIDATE=\"${BUILD_ROOT}\"\n\nwhile ! [ -d \"${DERIVED_DATA_CANDIDATE}/SourcePackages\" ]; do\n  if [ \"${DERIVED_DATA_CANDIDATE}\" = / ]; then\n    echo >&2 \"error: Unable to locate SourcePackages directory from BUILD_ROOT: '${BUILD_ROOT}'\"\n    exit 1\n  fi\n\n  DERIVED_DATA_CANDIDATE=\"$(dirname \"${DERIVED_DATA_CANDIDATE}\")\"\ndone\n\n# Grab a reference to the directory where scripts are checked out\nSCRIPT_PATH=\"${DERIVED_DATA_CANDIDATE}/SourcePackages/checkouts/apollo-ios/scripts\"\n\nif [ -z \"${SCRIPT_PATH}\" ]; then\n    echo >&2 \"error: Couldn't find the CLI script in your checked out SPM packages; make sure to add the framework to your project.\"\n    exit 1\nfi\n\ncd \"${SRCROOT}/${TARGET_NAME}\"\n\"${SCRIPT_PATH}\"/run-bundled-codegen.sh codegen:generate --target=swift --includes=./**/*.graphql --localSchemaFile=\"schema.json\" API.swift\n#\"${SCRIPT_PATH}\"/run-bundled-codegen.sh schema:download --endpoint=\"https://graphql.anilist.co/\"\n";
		};
/* End PBXShellScriptBuildPhase section */

/* Begin PBXSourcesBuildPhase section */
		2B62607525A690FB00CE9DF6 /* Sources */ = {
			isa = PBXSourcesBuildPhase;
			buildActionMask = 2147483647;
			files = (
				2B62608125A690FC00CE9DF6 /* ViewController.swift in Sources */,
				2B62608725A690FC00CE9DF6 /* AniMix.xcdatamodeld in Sources */,
				2B6260A825A7C28700CE9DF6 /* Network.swift in Sources */,
				2B62607D25A690FC00CE9DF6 /* AppDelegate.swift in Sources */,
				2B62607F25A690FC00CE9DF6 /* SceneDelegate.swift in Sources */,
				2B6260A525A7BFEC00CE9DF6 /* API.swift in Sources */,
			);
			runOnlyForDeploymentPostprocessing = 0;
		};
/* End PBXSourcesBuildPhase section */

/* Begin PBXVariantGroup section */
		2B62608225A690FC00CE9DF6 /* Main.storyboard */ = {
			isa = PBXVariantGroup;
			children = (
				2B62608325A690FC00CE9DF6 /* Base */,
			);
			name = Main.storyboard;
			sourceTree = "<group>";
		};
		2B62608A25A690FF00CE9DF6 /* LaunchScreen.storyboard */ = {
			isa = PBXVariantGroup;
			children = (
				2B62608B25A690FF00CE9DF6 /* Base */,
			);
			name = LaunchScreen.storyboard;
			sourceTree = "<group>";
		};
/* End PBXVariantGroup section */

/* Begin XCBuildConfiguration section */
		2B62608E25A690FF00CE9DF6 /* Debug */ = {
			isa = XCBuildConfiguration;
			buildSettings = {
				ALWAYS_SEARCH_USER_PATHS = NO;
				CLANG_ANALYZER_NONNULL = YES;
				CLANG_ANALYZER_NUMBER_OBJECT_CONVERSION = YES_AGGRESSIVE;
				CLANG_CXX_LANGUAGE_STANDARD = "gnu++14";
				CLANG_CXX_LIBRARY = "libc++";
				CLANG_ENABLE_MODULES = YES;
				CLANG_ENABLE_OBJC_ARC = YES;
				CLANG_ENABLE_OBJC_WEAK = YES;
				CLANG_WARN_BLOCK_CAPTURE_AUTORELEASING = YES;
				CLANG_WARN_BOOL_CONVERSION = YES;
				CLANG_WARN_COMMA = YES;
				CLANG_WARN_CONSTANT_CONVERSION = YES;
				CLANG_WARN_DEPRECATED_OBJC_IMPLEMENTATIONS = YES;
				CLANG_WARN_DIRECT_OBJC_ISA_USAGE = YES_ERROR;
				CLANG_WARN_DOCUMENTATION_COMMENTS = YES;
				CLANG_WARN_EMPTY_BODY = YES;
				CLANG_WARN_ENUM_CONVERSION = YES;
				CLANG_WARN_INFINITE_RECURSION = YES;
				CLANG_WARN_INT_CONVERSION = YES;
				CLANG_WARN_NON_LITERAL_NULL_CONVERSION = YES;
				CLANG_WARN_OBJC_IMPLICIT_RETAIN_SELF = YES;
				CLANG_WARN_OBJC_LITERAL_CONVERSION = YES;
				CLANG_WARN_OBJC_ROOT_CLASS = YES_ERROR;
				CLANG_WARN_QUOTED_INCLUDE_IN_FRAMEWORK_HEADER = YES;
				CLANG_WARN_RANGE_LOOP_ANALYSIS = YES;
				CLANG_WARN_STRICT_PROTOTYPES = YES;
				CLANG_WARN_SUSPICIOUS_MOVE = YES;
				CLANG_WARN_UNGUARDED_AVAILABILITY = YES_AGGRESSIVE;
				CLANG_WARN_UNREACHABLE_CODE = YES;
				CLANG_WARN__DUPLICATE_METHOD_MATCH = YES;
				COPY_PHASE_STRIP = NO;
				DEBUG_INFORMATION_FORMAT = dwarf;
				ENABLE_STRICT_OBJC_MSGSEND = YES;
				ENABLE_TESTABILITY = YES;
				GCC_C_LANGUAGE_STANDARD = gnu11;
				GCC_DYNAMIC_NO_PIC = NO;
				GCC_NO_COMMON_BLOCKS = YES;
				GCC_OPTIMIZATION_LEVEL = 0;
				GCC_PREPROCESSOR_DEFINITIONS = (
					"DEBUG=1",
					"$(inherited)",
				);
				GCC_WARN_64_TO_32_BIT_CONVERSION = YES;
				GCC_WARN_ABOUT_RETURN_TYPE = YES_ERROR;
				GCC_WARN_UNDECLARED_SELECTOR = YES;
				GCC_WARN_UNINITIALIZED_AUTOS = YES_AGGRESSIVE;
				GCC_WARN_UNUSED_FUNCTION = YES;
				GCC_WARN_UNUSED_VARIABLE = YES;
				IPHONEOS_DEPLOYMENT_TARGET = 14.3;
				MTL_ENABLE_DEBUG_INFO = INCLUDE_SOURCE;
				MTL_FAST_MATH = YES;
				ONLY_ACTIVE_ARCH = YES;
				SDKROOT = iphoneos;
				SWIFT_ACTIVE_COMPILATION_CONDITIONS = DEBUG;
				SWIFT_OPTIMIZATION_LEVEL = "-Onone";
			};
			name = Debug;
		};
		2B62608F25A690FF00CE9DF6 /* Release */ = {
			isa = XCBuildConfiguration;
			buildSettings = {
				ALWAYS_SEARCH_USER_PATHS = NO;
				CLANG_ANALYZER_NONNULL = YES;
				CLANG_ANALYZER_NUMBER_OBJECT_CONVERSION = YES_AGGRESSIVE;
				CLANG_CXX_LANGUAGE_STANDARD = "gnu++14";
				CLANG_CXX_LIBRARY = "libc++";
				CLANG_ENABLE_MODULES = YES;
				CLANG_ENABLE_OBJC_ARC = YES;
				CLANG_ENABLE_OBJC_WEAK = YES;
				CLANG_WARN_BLOCK_CAPTURE_AUTORELEASING = YES;
				CLANG_WARN_BOOL_CONVERSION = YES;
				CLANG_WARN_COMMA = YES;
				CLANG_WARN_CONSTANT_CONVERSION = YES;
				CLANG_WARN_DEPRECATED_OBJC_IMPLEMENTATIONS = YES;
				CLANG_WARN_DIRECT_OBJC_ISA_USAGE = YES_ERROR;
				CLANG_WARN_DOCUMENTATION_COMMENTS = YES;
				CLANG_WARN_EMPTY_BODY = YES;
				CLANG_WARN_ENUM_CONVERSION = YES;
				CLANG_WARN_INFINITE_RECURSION = YES;
				CLANG_WARN_INT_CONVERSION = YES;
				CLANG_WARN_NON_LITERAL_NULL_CONVERSION = YES;
				CLANG_WARN_OBJC_IMPLICIT_RETAIN_SELF = YES;
				CLANG_WARN_OBJC_LITERAL_CONVERSION = YES;
				CLANG_WARN_OBJC_ROOT_CLASS = YES_ERROR;
				CLANG_WARN_QUOTED_INCLUDE_IN_FRAMEWORK_HEADER = YES;
				CLANG_WARN_RANGE_LOOP_ANALYSIS = YES;
				CLANG_WARN_STRICT_PROTOTYPES = YES;
				CLANG_WARN_SUSPICIOUS_MOVE = YES;
				CLANG_WARN_UNGUARDED_AVAILABILITY = YES_AGGRESSIVE;
				CLANG_WARN_UNREACHABLE_CODE = YES;
				CLANG_WARN__DUPLICATE_METHOD_MATCH = YES;
				COPY_PHASE_STRIP = NO;
				DEBUG_INFORMATION_FORMAT = "dwarf-with-dsym";
				ENABLE_NS_ASSERTIONS = NO;
				ENABLE_STRICT_OBJC_MSGSEND = YES;
				GCC_C_LANGUAGE_STANDARD = gnu11;
				GCC_NO_COMMON_BLOCKS = YES;
				GCC_WARN_64_TO_32_BIT_CONVERSION = YES;
				GCC_WARN_ABOUT_RETURN_TYPE = YES_ERROR;
				GCC_WARN_UNDECLARED_SELECTOR = YES;
				GCC_WARN_UNINITIALIZED_AUTOS = YES_AGGRESSIVE;
				GCC_WARN_UNUSED_FUNCTION = YES;
				GCC_WARN_UNUSED_VARIABLE = YES;
				IPHONEOS_DEPLOYMENT_TARGET = 14.3;
				MTL_ENABLE_DEBUG_INFO = NO;
				MTL_FAST_MATH = YES;
				SDKROOT = iphoneos;
				SWIFT_COMPILATION_MODE = wholemodule;
				SWIFT_OPTIMIZATION_LEVEL = "-O";
				VALIDATE_PRODUCT = YES;
			};
			name = Release;
		};
		2B62609125A690FF00CE9DF6 /* Debug */ = {
			isa = XCBuildConfiguration;
			buildSettings = {
				ASSETCATALOG_COMPILER_APPICON_NAME = AppIcon;
				ASSETCATALOG_COMPILER_GLOBAL_ACCENT_COLOR_NAME = AccentColor;
				CODE_SIGN_STYLE = Automatic;
				DEVELOPMENT_TEAM = KB82824ZMA;
				INFOPLIST_FILE = AniMix/Info.plist;
				LD_RUNPATH_SEARCH_PATHS = (
					"$(inherited)",
					"@executable_path/Frameworks",
				);
				PRODUCT_BUNDLE_IDENTIFIER = com.wesley.AniMix;
				PRODUCT_NAME = "$(TARGET_NAME)";
				SWIFT_VERSION = 5.0;
				TARGETED_DEVICE_FAMILY = "1,2";
			};
			name = Debug;
		};
		2B62609225A690FF00CE9DF6 /* Release */ = {
			isa = XCBuildConfiguration;
			buildSettings = {
				ASSETCATALOG_COMPILER_APPICON_NAME = AppIcon;
				ASSETCATALOG_COMPILER_GLOBAL_ACCENT_COLOR_NAME = AccentColor;
				CODE_SIGN_STYLE = Automatic;
				DEVELOPMENT_TEAM = KB82824ZMA;
				INFOPLIST_FILE = AniMix/Info.plist;
				LD_RUNPATH_SEARCH_PATHS = (
					"$(inherited)",
					"@executable_path/Frameworks",
				);
				PRODUCT_BUNDLE_IDENTIFIER = com.wesley.AniMix;
				PRODUCT_NAME = "$(TARGET_NAME)";
				SWIFT_VERSION = 5.0;
				TARGETED_DEVICE_FAMILY = "1,2";
			};
			name = Release;
		};
/* End XCBuildConfiguration section */

/* Begin XCConfigurationList section */
		2B62607425A690FB00CE9DF6 /* Build configuration list for PBXProject "AniMix" */ = {
			isa = XCConfigurationList;
			buildConfigurations = (
				2B62608E25A690FF00CE9DF6 /* Debug */,
				2B62608F25A690FF00CE9DF6 /* Release */,
			);
			defaultConfigurationIsVisible = 0;
			defaultConfigurationName = Release;
		};
		2B62609025A690FF00CE9DF6 /* Build configuration list for PBXNativeTarget "AniMix" */ = {
			isa = XCConfigurationList;
			buildConfigurations = (
				2B62609125A690FF00CE9DF6 /* Debug */,
				2B62609225A690FF00CE9DF6 /* Release */,
			);
			defaultConfigurationIsVisible = 0;
			defaultConfigurationName = Release;
		};
/* End XCConfigurationList section */

/* Begin XCRemoteSwiftPackageReference section */
		2B62609425A7B04300CE9DF6 /* XCRemoteSwiftPackageReference "apollo-ios" */ = {
			isa = XCRemoteSwiftPackageReference;
			repositoryURL = "https://github.com/apollographql/apollo-ios.git";
			requirement = {
				kind = upToNextMinorVersion;
				minimumVersion = 0.39.0;
			};
		};
/* End XCRemoteSwiftPackageReference section */

/* Begin XCSwiftPackageProductDependency section */
		2B62609525A7B04300CE9DF6 /* ApolloWebSocket */ = {
			isa = XCSwiftPackageProductDependency;
			package = 2B62609425A7B04300CE9DF6 /* XCRemoteSwiftPackageReference "apollo-ios" */;
			productName = ApolloWebSocket;
		};
		2B62609725A7B04300CE9DF6 /* Apollo */ = {
			isa = XCSwiftPackageProductDependency;
			package = 2B62609425A7B04300CE9DF6 /* XCRemoteSwiftPackageReference "apollo-ios" */;
			productName = Apollo;
		};
/* End XCSwiftPackageProductDependency section */

/* Begin XCVersionGroup section */
		2B62608525A690FC00CE9DF6 /* AniMix.xcdatamodeld */ = {
			isa = XCVersionGroup;
			children = (
				2B62608625A690FC00CE9DF6 /* AniMix.xcdatamodel */,
			);
			currentVersion = 2B62608625A690FC00CE9DF6 /* AniMix.xcdatamodel */;
			path = AniMix.xcdatamodeld;
			sourceTree = "<group>";
			versionGroupType = wrapper.xcdatamodel;
		};
/* End XCVersionGroup section */
	};
	rootObject = 2B62607125A690FB00CE9DF6 /* Project object */;
}
